{
  "nodes": {
    "call-flake": {
      "locked": {
        "lastModified": 1714267385,
        "narHash": "sha256-B9uOqvhDhHnK+kwW/mfI/rAtlXuYlipdOss/L7gBOjs=",
        "owner": "divnix",
        "repo": "call-flake",
        "rev": "856920bd78ac60a53fa008479fc9f3751a5a7e42",
        "type": "github"
      },
      "original": {
        "owner": "divnix",
        "repo": "call-flake",
        "type": "github"
      }
    },
    "home-manager": {
      "inputs": {
        "nixpkgs": "nixpkgs"
      },
      "locked": {
        "lastModified": 1713166947,
        "narHash": "sha256-Vk+eyK7EcvoXf6IxEuaKVmme2ui6W/mketcrZxfFmGg=",
        "owner": "nix-community",
        "repo": "home-manager",
        "rev": "6779167a739240778d34024b89ecf6404fb28f9e",
        "type": "github"
      },
      "original": {
        "owner": "nix-community",
        "ref": "release-23.05",
        "repo": "home-manager",
        "type": "github"
      }
    },
    "nix-installer": {
      "flake": false,
      "locked": {
        "lastModified": 1713972779,
        "narHash": "sha256-B7hG/PnHb4qaPTjkE/oiDEAV0NhrctzD5MqKlYlZj8c=",
        "owner": "DeterminateSystems",
        "repo": "nix-installer",
        "rev": "1b6195b5262a90c5ba2734d96a9b4fd9e52605f4",
        "type": "github"
      },
      "original": {
        "owner": "DeterminateSystems",
        "repo": "nix-installer",
        "type": "github"
      }
    },
    "nixpkgs": {
      "locked": {
        "lastModified": 1687466461,
        "narHash": "sha256-oupXI7g7RPzlpGUfAu1xG4KBK53GrZH8/xeKgKDB4+Q=",
        "owner": "nixos",
        "repo": "nixpkgs",
        "rev": "ecb441f22067ba1d6312f4932a7c64efa8d19a7b",
        "type": "github"
      },
      "original": {
        "owner": "nixos",
        "ref": "nixos-23.05",
        "repo": "nixpkgs",
        "type": "github"
      }
    },
    "root": {
      "inputs": {
        "call-flake": "call-flake",
        "home-manager": "home-manager",
        "nix-installer": "nix-installer"
      }
    }
  },
  "root": "root",
  "version": 7
}
